
Microsoft Visual Studio Solution File, Format Version 12.00
# Visual Studio Version 17
VisualStudioVersion = 17.14.36310.24
MinimumVisualStudioVersion = 10.0.40219.1
Project("{FAE04EC0-301F-11D3-BF4B-00C04F79EFBC}") = "Api", "Api\Api.csproj", "{53C6E79C-E6AE-429A-B752-8CC8A21ADFF8}"
EndProject
Project("{FAE04EC0-301F-11D3-BF4B-00C04F79EFBC}") = "Domain", "Domain\Domain.csproj", "{912FB5BD-AC66-489A-8D9C-933BE92D517F}"
EndProject
Project("{FAE04EC0-301F-11D3-BF4B-00C04F79EFBC}") = "Application", "Application\Application.csproj", "{E820C1AB-0F52-449C-80B4-7070859F3C68}"
EndProject
Project("{FAE04EC0-301F-11D3-BF4B-00C04F79EFBC}") = "Infrastructure", "Infrastructure\Infrastructure.csproj", "{BDD7BC49-A612-46D2-8C54-A346FEB5D35F}"
EndProject
Global
	GlobalSection(SolutionConfigurationPlatforms) = preSolution
		Debug|Any CPU = Debug|Any CPU
		Release|Any CPU = Release|Any CPU
	EndGlobalSection
	GlobalSection(ProjectConfigurationPlatforms) = postSolution
		{53C6E79C-E6AE-429A-B752-8CC8A21ADFF8}.Debug|Any CPU.ActiveCfg = Debug|Any CPU
		{53C6E79C-E6AE-429A-B752-8CC8A21ADFF8}.Debug|Any CPU.Build.0 = Debug|Any CPU
		{53C6E79C-E6AE-429A-B752-8CC8A21ADFF8}.Release|Any CPU.ActiveCfg = Release|Any CPU
		{53C6E79C-E6AE-429A-B752-8CC8A21ADFF8}.Release|Any CPU.Build.0 = Release|Any CPU
		{912FB5BD-AC66-489A-8D9C-933BE92D517F}.Debug|Any CPU.ActiveCfg = Debug|Any CPU
		{912FB5BD-AC66-489A-8D9C-933BE92D517F}.Debug|Any CPU.Build.0 = Debug|Any CPU
		{912FB5BD-AC66-489A-8D9C-933BE92D517F}.Release|Any CPU.ActiveCfg = Release|Any CPU
		{912FB5BD-AC66-489A-8D9C-933BE92D517F}.Release|Any CPU.Build.0 = Release|Any CPU
		{E820C1AB-0F52-449C-80B4-7070859F3C68}.Debug|Any CPU.ActiveCfg = Debug|Any CPU
		{E820C1AB-0F52-449C-80B4-7070859F3C68}.Debug|Any CPU.Build.0 = Debug|Any CPU
		{E820C1AB-0F52-449C-80B4-7070859F3C68}.Release|Any CPU.ActiveCfg = Release|Any CPU
		{E820C1AB-0F52-449C-80B4-7070859F3C68}.Release|Any CPU.Build.0 = Release|Any CPU
		{BDD7BC49-A612-46D2-8C54-A346FEB5D35F}.Debug|Any CPU.ActiveCfg = Debug|Any CPU
		{BDD7BC49-A612-46D2-8C54-A346FEB5D35F}.Debug|Any CPU.Build.0 = Debug|Any CPU
		{BDD7BC49-A612-46D2-8C54-A346FEB5D35F}.Release|Any CPU.ActiveCfg = Release|Any CPU
		{BDD7BC49-A612-46D2-8C54-A346FEB5D35F}.Release|Any CPU.Build.0 = Release|Any CPU
	EndGlobalSection
	GlobalSection(SolutionProperties) = preSolution
		HideSolutionNode = FALSE
	EndGlobalSection
	GlobalSection(ExtensibilityGlobals) = postSolution
		SolutionGuid = {4AB42554-36F7-4057-8BC9-0764D06E255E}
	EndGlobalSection
EndGlobal
